
Microsoft Visual Studio Solution File, Format Version 12.00
# Visual Studio Version 17
VisualStudioVersion = 17.3.32901.215
MinimumVisualStudioVersion = 10.0.40219.1
Project("{FAE04EC0-301F-11D3-BF4B-00C04F79EFBC}") = "grid pannels", "grid pannels\grid pannels.csproj", "{F57457CD-0936-4C31-8B8D-B1B1B9CCA574}"
EndProject
Global
	GlobalSection(SolutionConfigurationPlatforms) = preSolution
		Debug|Any CPU = Debug|Any CPU
		Release|Any CPU = Release|Any CPU
	EndGlobalSection
	GlobalSection(ProjectConfigurationPlatforms) = postSolution
		{F57457CD-0936-4C31-8B8D-B1B1B9CCA574}.Debug|Any CPU.ActiveCfg = Debug|Any CPU
		{F57457CD-0936-4C31-8B8D-B1B1B9CCA574}.Debug|Any CPU.Build.0 = Debug|Any CPU
		{F57457CD-0936-4C31-8B8D-B1B1B9CCA574}.Release|Any CPU.ActiveCfg = Release|Any CPU
		{F57457CD-0936-4C31-8B8D-B1B1B9CCA574}.Release|Any CPU.Build.0 = Release|Any CPU
	EndGlobalSection
	GlobalSection(SolutionProperties) = preSolution
		HideSolutionNode = FALSE
	EndGlobalSection
	GlobalSection(ExtensibilityGlobals) = postSolution
		SolutionGuid = {CCE7EEB0-33FE-4661-BD1B-90B324DE416C}
	EndGlobalSection
EndGlobal
